
Microsoft Visual Studio Solution File, Format Version 12.00
# Visual Studio Version 17
VisualStudioVersion = 17.2.32516.85
MinimumVisualStudioVersion = 10.0.40219.1
Project("{FAE04EC0-301F-11D3-BF4B-00C04F79EFBC}") = "EmployeeManagement", "EmployeeManagement\EmployeeManagement.csproj", "{E661FE95-BC34-485E-9DA9-3D959BC7CC0D}"
EndProject
Global
	GlobalSection(SolutionConfigurationPlatforms) = preSolution
		Debug|Any CPU = Debug|Any CPU
		Release|Any CPU = Release|Any CPU
	EndGlobalSection
	GlobalSection(ProjectConfigurationPlatforms) = postSolution
		{E661FE95-BC34-485E-9DA9-3D959BC7CC0D}.Debug|Any CPU.ActiveCfg = Debug|Any CPU
		{E661FE95-BC34-485E-9DA9-3D959BC7CC0D}.Debug|Any CPU.Build.0 = Debug|Any CPU
		{E661FE95-BC34-485E-9DA9-3D959BC7CC0D}.Release|Any CPU.ActiveCfg = Release|Any CPU
		{E661FE95-BC34-485E-9DA9-3D959BC7CC0D}.Release|Any CPU.Build.0 = Release|Any CPU
	EndGlobalSection
	GlobalSection(SolutionProperties) = preSolution
		HideSolutionNode = FALSE
	EndGlobalSection
	GlobalSection(ExtensibilityGlobals) = postSolution
		SolutionGuid = {A32AE428-723A-4CF8-A57F-6A0213B61CCD}
	EndGlobalSection
EndGlobal
